
Microsoft Visual Studio Solution File, Format Version 12.00
# Visual Studio Version 16
VisualStudioVersion = 16.0.30907.101
MinimumVisualStudioVersion = 10.0.40219.1
Project("{FAE04EC0-301F-11D3-BF4B-00C04F79EFBC}") = "SL06_2", "SL06_2\SL06_2.csproj", "{541B0E64-4753-4FA0-8B42-14CA24DEA1B1}"
EndProject
Global
	GlobalSection(SolutionConfigurationPlatforms) = preSolution
		Debug|Any CPU = Debug|Any CPU
		Release|Any CPU = Release|Any CPU
	EndGlobalSection
	GlobalSection(ProjectConfigurationPlatforms) = postSolution
		{541B0E64-4753-4FA0-8B42-14CA24DEA1B1}.Debug|Any CPU.ActiveCfg = Debug|Any CPU
		{541B0E64-4753-4FA0-8B42-14CA24DEA1B1}.Debug|Any CPU.Build.0 = Debug|Any CPU
		{541B0E64-4753-4FA0-8B42-14CA24DEA1B1}.Release|Any CPU.ActiveCfg = Release|Any CPU
		{541B0E64-4753-4FA0-8B42-14CA24DEA1B1}.Release|Any CPU.Build.0 = Release|Any CPU
	EndGlobalSection
	GlobalSection(SolutionProperties) = preSolution
		HideSolutionNode = FALSE
	EndGlobalSection
	GlobalSection(ExtensibilityGlobals) = postSolution
		SolutionGuid = {F51FD601-EFCF-40D6-B9EC-440DC7C1E237}
	EndGlobalSection
EndGlobal
